
Microsoft Visual Studio Solution File, Format Version 12.00
# Visual Studio 14
VisualStudioVersion = 14.0.25420.1
MinimumVisualStudioVersion = 10.0.40219.1
Project("{FAE04EC0-301F-11D3-BF4B-00C04F79EFBC}") = "SendyApi", "SendyApi\SendyApi.csproj", "{CFCAA8CE-5946-44D2-98FE-5E7AD26AA128}"
EndProject
Project("{FAE04EC0-301F-11D3-BF4B-00C04F79EFBC}") = "SendyApi.Tests", "SendApi.Tests\SendyApi.Tests.csproj", "{4AAC1403-614B-4A3C-8C82-587E1AA04876}"
EndProject
Global
	GlobalSection(SolutionConfigurationPlatforms) = preSolution
		Debug|Any CPU = Debug|Any CPU
		Release|Any CPU = Release|Any CPU
	EndGlobalSection
	GlobalSection(ProjectConfigurationPlatforms) = postSolution
		{CFCAA8CE-5946-44D2-98FE-5E7AD26AA128}.Debug|Any CPU.ActiveCfg = Debug|Any CPU
		{CFCAA8CE-5946-44D2-98FE-5E7AD26AA128}.Debug|Any CPU.Build.0 = Debug|Any CPU
		{CFCAA8CE-5946-44D2-98FE-5E7AD26AA128}.Release|Any CPU.ActiveCfg = Release|Any CPU
		{CFCAA8CE-5946-44D2-98FE-5E7AD26AA128}.Release|Any CPU.Build.0 = Release|Any CPU
		{4AAC1403-614B-4A3C-8C82-587E1AA04876}.Debug|Any CPU.ActiveCfg = Debug|Any CPU
		{4AAC1403-614B-4A3C-8C82-587E1AA04876}.Debug|Any CPU.Build.0 = Debug|Any CPU
		{4AAC1403-614B-4A3C-8C82-587E1AA04876}.Release|Any CPU.ActiveCfg = Release|Any CPU
		{4AAC1403-614B-4A3C-8C82-587E1AA04876}.Release|Any CPU.Build.0 = Release|Any CPU
	EndGlobalSection
	GlobalSection(SolutionProperties) = preSolution
		HideSolutionNode = FALSE
	EndGlobalSection
EndGlobal
